
Microsoft Visual Studio Solution File, Format Version 12.00
# Visual Studio Version 17
VisualStudioVersion = 17.6.33829.357
MinimumVisualStudioVersion = 10.0.40219.1
Project("{FAE04EC0-301F-11D3-BF4B-00C04F79EFBC}") = "C969", "C969\C969.csproj", "{6DFF431A-1546-4285-9314-64EB8439930D}"
EndProject
Global
	GlobalSection(SolutionConfigurationPlatforms) = preSolution
		Debug|Any CPU = Debug|Any CPU
		Release|Any CPU = Release|Any CPU
	EndGlobalSection
	GlobalSection(ProjectConfigurationPlatforms) = postSolution
		{6DFF431A-1546-4285-9314-64EB8439930D}.Debug|Any CPU.ActiveCfg = Debug|Any CPU
		{6DFF431A-1546-4285-9314-64EB8439930D}.Debug|Any CPU.Build.0 = Debug|Any CPU
		{6DFF431A-1546-4285-9314-64EB8439930D}.Release|Any CPU.ActiveCfg = Release|Any CPU
		{6DFF431A-1546-4285-9314-64EB8439930D}.Release|Any CPU.Build.0 = Release|Any CPU
	EndGlobalSection
	GlobalSection(SolutionProperties) = preSolution
		HideSolutionNode = FALSE
	EndGlobalSection
	GlobalSection(ExtensibilityGlobals) = postSolution
		SolutionGuid = {F77251FD-D9A4-4A7F-A9F7-746ED091EB57}
	EndGlobalSection
EndGlobal
